
Microsoft Visual Studio Solution File, Format Version 12.00
# Visual Studio Version 16
VisualStudioVersion = 16.0.29306.81
MinimumVisualStudioVersion = 10.0.40219.1
Project("{9A19103F-16F7-4668-BE54-9A1E7A4F7556}") = "NewYork CIty School Data With Crime Rate History", "NewYork CIty School Data With Crime Rate History.csproj", "{2A16EDD2-B88D-476A-A946-13DA4DA48B6F}"
EndProject
Global
	GlobalSection(SolutionConfigurationPlatforms) = preSolution
		Debug|Any CPU = Debug|Any CPU
		Release|Any CPU = Release|Any CPU
	EndGlobalSection
	GlobalSection(ProjectConfigurationPlatforms) = postSolution
		{2A16EDD2-B88D-476A-A946-13DA4DA48B6F}.Debug|Any CPU.ActiveCfg = Debug|Any CPU
		{2A16EDD2-B88D-476A-A946-13DA4DA48B6F}.Debug|Any CPU.Build.0 = Debug|Any CPU
		{2A16EDD2-B88D-476A-A946-13DA4DA48B6F}.Release|Any CPU.ActiveCfg = Release|Any CPU
		{2A16EDD2-B88D-476A-A946-13DA4DA48B6F}.Release|Any CPU.Build.0 = Release|Any CPU
	EndGlobalSection
	GlobalSection(SolutionProperties) = preSolution
		HideSolutionNode = FALSE
	EndGlobalSection
	GlobalSection(ExtensibilityGlobals) = postSolution
		SolutionGuid = {A96878FC-7DCC-474F-8C71-4EAE51D419B1}
	EndGlobalSection
EndGlobal
